
Microsoft Visual Studio Solution File, Format Version 12.00
# Visual Studio 15
VisualStudioVersion = 15.0.27130.2010
MinimumVisualStudioVersion = 10.0.40219.1
Project("{FAE04EC0-301F-11D3-BF4B-00C04F79EFBC}") = "WebApplication", "WebApplication\WebApplication.csproj", "{101403F8-DC41-408E-9F6E-F6AD167E3A4B}"
EndProject
Global
	GlobalSection(SolutionConfigurationPlatforms) = preSolution
		Debug|Any CPU = Debug|Any CPU
		Release|Any CPU = Release|Any CPU
	EndGlobalSection
	GlobalSection(ProjectConfigurationPlatforms) = postSolution
		{101403F8-DC41-408E-9F6E-F6AD167E3A4B}.Debug|Any CPU.ActiveCfg = Debug|Any CPU
		{101403F8-DC41-408E-9F6E-F6AD167E3A4B}.Debug|Any CPU.Build.0 = Debug|Any CPU
		{101403F8-DC41-408E-9F6E-F6AD167E3A4B}.Release|Any CPU.ActiveCfg = Release|Any CPU
		{101403F8-DC41-408E-9F6E-F6AD167E3A4B}.Release|Any CPU.Build.0 = Release|Any CPU
	EndGlobalSection
	GlobalSection(SolutionProperties) = preSolution
		HideSolutionNode = FALSE
	EndGlobalSection
	GlobalSection(ExtensibilityGlobals) = postSolution
		SolutionGuid = {B0812A13-0609-4ECB-8681-2F525D59C24C}
	EndGlobalSection
EndGlobal
